// !$*UTF8*$!
{
	archiveVersion = 1;
	classes = {
	};
	objectVersion = 46;
	objects = {

/* Begin PBXBuildFile section */
		D82E8FD01B4B1355007A747F /* Locksmith.swift in Sources */ = {isa = PBXBuildFile; fileRef = D82E8FCE1B4B1355007A747F /* Locksmith.swift */; };
		D82E8FD11B4B1355007A747F /* LocksmithRequest.swift in Sources */ = {isa = PBXBuildFile; fileRef = D82E8FCF1B4B1355007A747F /* LocksmithRequest.swift */; };
		D82E8FDB1B4E5350007A747F /* Eventory.xcdatamodeld in Sources */ = {isa = PBXBuildFile; fileRef = D82E8FD91B4E5350007A747F /* Eventory.xcdatamodeld */; };
		D855B7081B489D8400E85674 /* AppDelegate.swift in Sources */ = {isa = PBXBuildFile; fileRef = D855B7071B489D8400E85674 /* AppDelegate.swift */; };
		D855B70A1B489D8400E85674 /* LoginVC.swift in Sources */ = {isa = PBXBuildFile; fileRef = D855B7091B489D8400E85674 /* LoginVC.swift */; };
		D855B70D1B489D8400E85674 /* Main.storyboard in Resources */ = {isa = PBXBuildFile; fileRef = D855B70B1B489D8400E85674 /* Main.storyboard */; };
		D855B70F1B489D8400E85674 /* Images.xcassets in Resources */ = {isa = PBXBuildFile; fileRef = D855B70E1B489D8400E85674 /* Images.xcassets */; };
		D855B7121B489D8400E85674 /* LaunchScreen.xib in Resources */ = {isa = PBXBuildFile; fileRef = D855B7101B489D8400E85674 /* LaunchScreen.xib */; };
		D855B71E1B489D8400E85674 /* EventoryTests.swift in Sources */ = {isa = PBXBuildFile; fileRef = D855B71D1B489D8400E85674 /* EventoryTests.swift */; };
		D855B72A1B489DE500E85674 /* FBSDKCoreKit.framework in Frameworks */ = {isa = PBXBuildFile; fileRef = D855B7281B489DE500E85674 /* FBSDKCoreKit.framework */; };
		D855B72B1B489DE500E85674 /* FBSDKLoginKit.framework in Frameworks */ = {isa = PBXBuildFile; fileRef = D855B7291B489DE500E85674 /* FBSDKLoginKit.framework */; };
		D855B72E1B48A50900E85674 /* unknownprofile.gif in Resources */ = {isa = PBXBuildFile; fileRef = D855B72D1B48A50900E85674 /* unknownprofile.gif */; };
		D89DBE131B52BCE100F3151A /* LandingVC.swift in Sources */ = {isa = PBXBuildFile; fileRef = D89DBE121B52BCE100F3151A /* LandingVC.swift */; };
		D89DBE151B52BD2E00F3151A /* CommonUtils.swift in Sources */ = {isa = PBXBuildFile; fileRef = D89DBE141B52BD2E00F3151A /* CommonUtils.swift */; };
		D89DBE191B54385900F3151A /* LogoutVC.swift in Sources */ = {isa = PBXBuildFile; fileRef = D89DBE181B54385900F3151A /* LogoutVC.swift */; };
		D89DBE1B1B54515900F3151A /* ProfileCell.swift in Sources */ = {isa = PBXBuildFile; fileRef = D89DBE1A1B54515900F3151A /* ProfileCell.swift */; };
/* End PBXBuildFile section */

/* Begin PBXContainerItemProxy section */
		D855B7181B489D8400E85674 /* PBXContainerItemProxy */ = {
			isa = PBXContainerItemProxy;
			containerPortal = D855B6FA1B489D8400E85674 /* Project object */;
			proxyType = 1;
			remoteGlobalIDString = D855B7011B489D8400E85674;
			remoteInfo = Eventory;
		};
/* End PBXContainerItemProxy section */

/* Begin PBXFileReference section */
		D82E8FCE1B4B1355007A747F /* Locksmith.swift */ = {isa = PBXFileReference; fileEncoding = 4; lastKnownFileType = sourcecode.swift; path = Locksmith.swift; sourceTree = "<group>"; };
		D82E8FCF1B4B1355007A747F /* LocksmithRequest.swift */ = {isa = PBXFileReference; fileEncoding = 4; lastKnownFileType = sourcecode.swift; path = LocksmithRequest.swift; sourceTree = "<group>"; };
		D82E8FDA1B4E5350007A747F /* Eventory.xcdatamodel */ = {isa = PBXFileReference; lastKnownFileType = wrapper.xcdatamodel; path = Eventory.xcdatamodel; sourceTree = "<group>"; };
		D855B7021B489D8400E85674 /* Eventory.app */ = {isa = PBXFileReference; explicitFileType = wrapper.application; includeInIndex = 0; path = Eventory.app; sourceTree = BUILT_PRODUCTS_DIR; };
		D855B7061B489D8400E85674 /* Info.plist */ = {isa = PBXFileReference; lastKnownFileType = text.plist.xml; path = Info.plist; sourceTree = "<group>"; };
		D855B7071B489D8400E85674 /* AppDelegate.swift */ = {isa = PBXFileReference; lastKnownFileType = sourcecode.swift; path = AppDelegate.swift; sourceTree = "<group>"; };
		D855B7091B489D8400E85674 /* LoginVC.swift */ = {isa = PBXFileReference; lastKnownFileType = sourcecode.swift; path = LoginVC.swift; sourceTree = "<group>"; };
		D855B70C1B489D8400E85674 /* Base */ = {isa = PBXFileReference; lastKnownFileType = file.storyboard; name = Base; path = Base.lproj/Main.storyboard; sourceTree = "<group>"; };
		D855B70E1B489D8400E85674 /* Images.xcassets */ = {isa = PBXFileReference; lastKnownFileType = folder.assetcatalog; path = Images.xcassets; sourceTree = "<group>"; };
		D855B7111B489D8400E85674 /* Base */ = {isa = PBXFileReference; lastKnownFileType = file.xib; name = Base; path = Base.lproj/LaunchScreen.xib; sourceTree = "<group>"; };
		D855B7171B489D8400E85674 /* EventoryTests.xctest */ = {isa = PBXFileReference; explicitFileType = wrapper.cfbundle; includeInIndex = 0; path = EventoryTests.xctest; sourceTree = BUILT_PRODUCTS_DIR; };
		D855B71C1B489D8400E85674 /* Info.plist */ = {isa = PBXFileReference; lastKnownFileType = text.plist.xml; path = Info.plist; sourceTree = "<group>"; };
		D855B71D1B489D8400E85674 /* EventoryTests.swift */ = {isa = PBXFileReference; lastKnownFileType = sourcecode.swift; path = EventoryTests.swift; sourceTree = "<group>"; };
		D855B7271B489DA100E85674 /* Bridging-Header.h */ = {isa = PBXFileReference; lastKnownFileType = sourcecode.c.h; path = "Bridging-Header.h"; sourceTree = "<group>"; };
		D855B7281B489DE500E85674 /* FBSDKCoreKit.framework */ = {isa = PBXFileReference; lastKnownFileType = wrapper.framework; name = FBSDKCoreKit.framework; path = ../FBSDKCoreKit.framework; sourceTree = "<group>"; };
		D855B7291B489DE500E85674 /* FBSDKLoginKit.framework */ = {isa = PBXFileReference; lastKnownFileType = wrapper.framework; name = FBSDKLoginKit.framework; path = ../FBSDKLoginKit.framework; sourceTree = "<group>"; };
		D855B72D1B48A50900E85674 /* unknownprofile.gif */ = {isa = PBXFileReference; lastKnownFileType = image.gif; path = unknownprofile.gif; sourceTree = "<group>"; };
		D89DBE121B52BCE100F3151A /* LandingVC.swift */ = {isa = PBXFileReference; fileEncoding = 4; lastKnownFileType = sourcecode.swift; path = LandingVC.swift; sourceTree = "<group>"; };
		D89DBE141B52BD2E00F3151A /* CommonUtils.swift */ = {isa = PBXFileReference; fileEncoding = 4; lastKnownFileType = sourcecode.swift; path = CommonUtils.swift; sourceTree = "<group>"; };
		D89DBE181B54385900F3151A /* LogoutVC.swift */ = {isa = PBXFileReference; fileEncoding = 4; lastKnownFileType = sourcecode.swift; path = LogoutVC.swift; sourceTree = "<group>"; };
		D89DBE1A1B54515900F3151A /* ProfileCell.swift */ = {isa = PBXFileReference; fileEncoding = 4; lastKnownFileType = sourcecode.swift; path = ProfileCell.swift; sourceTree = "<group>"; };
/* End PBXFileReference section */

/* Begin PBXFrameworksBuildPhase section */
		D855B6FF1B489D8400E85674 /* Frameworks */ = {
			isa = PBXFrameworksBuildPhase;
			buildActionMask = 2147483647;
			files = (
				D855B72B1B489DE500E85674 /* FBSDKLoginKit.framework in Frameworks */,
				D855B72A1B489DE500E85674 /* FBSDKCoreKit.framework in Frameworks */,
			);
			runOnlyForDeploymentPostprocessing = 0;
		};
		D855B7141B489D8400E85674 /* Frameworks */ = {
			isa = PBXFrameworksBuildPhase;
			buildActionMask = 2147483647;
			files = (
			);
			runOnlyForDeploymentPostprocessing = 0;
		};
/* End PBXFrameworksBuildPhase section */

/* Begin PBXGroup section */
		D82E8FD21B4B135C007A747F /* Supporting Classes */ = {
			isa = PBXGroup;
			children = (
				D82E8FCE1B4B1355007A747F /* Locksmith.swift */,
				D82E8FCF1B4B1355007A747F /* LocksmithRequest.swift */,
			);
			name = "Supporting Classes";
			sourceTree = "<group>";
		};
		D855B6F91B489D8400E85674 = {
			isa = PBXGroup;
			children = (
				D855B7041B489D8400E85674 /* Eventory */,
				D855B71A1B489D8400E85674 /* EventoryTests */,
				D855B7031B489D8400E85674 /* Products */,
			);
			sourceTree = "<group>";
		};
		D855B7031B489D8400E85674 /* Products */ = {
			isa = PBXGroup;
			children = (
				D855B7021B489D8400E85674 /* Eventory.app */,
				D855B7171B489D8400E85674 /* EventoryTests.xctest */,
			);
			name = Products;
			sourceTree = "<group>";
		};
		D855B7041B489D8400E85674 /* Eventory */ = {
			isa = PBXGroup;
			children = (
				D855B7071B489D8400E85674 /* AppDelegate.swift */,
				D82E8FD91B4E5350007A747F /* Eventory.xcdatamodeld */,
				D855B7091B489D8400E85674 /* LoginVC.swift */,
				D89DBE181B54385900F3151A /* LogoutVC.swift */,
				D89DBE121B52BCE100F3151A /* LandingVC.swift */,
				D89DBE141B52BD2E00F3151A /* CommonUtils.swift */,
				D855B70B1B489D8400E85674 /* Main.storyboard */,
				D855B70E1B489D8400E85674 /* Images.xcassets */,
				D855B7101B489D8400E85674 /* LaunchScreen.xib */,
				D855B7271B489DA100E85674 /* Bridging-Header.h */,
				D89DBE1C1B54516200F3151A /* Custom Cells */,
				D855B7281B489DE500E85674 /* FBSDKCoreKit.framework */,
				D855B7291B489DE500E85674 /* FBSDKLoginKit.framework */,
				D855B7051B489D8400E85674 /* Supporting Files */,
			);
			path = Eventory;
			sourceTree = "<group>";
		};
		D855B7051B489D8400E85674 /* Supporting Files */ = {
			isa = PBXGroup;
			children = (
				D82E8FD21B4B135C007A747F /* Supporting Classes */,
				D855B72C1B48A4F600E85674 /* Assets */,
				D855B7061B489D8400E85674 /* Info.plist */,
			);
			name = "Supporting Files";
			sourceTree = "<group>";
		};
		D855B71A1B489D8400E85674 /* EventoryTests */ = {
			isa = PBXGroup;
			children = (
				D855B71D1B489D8400E85674 /* EventoryTests.swift */,
				D855B71B1B489D8400E85674 /* Supporting Files */,
			);
			path = EventoryTests;
			sourceTree = "<group>";
		};
		D855B71B1B489D8400E85674 /* Supporting Files */ = {
			isa = PBXGroup;
			children = (
				D855B71C1B489D8400E85674 /* Info.plist */,
			);
			name = "Supporting Files";
			sourceTree = "<group>";
		};
		D855B72C1B48A4F600E85674 /* Assets */ = {
			isa = PBXGroup;
			children = (
				D855B72D1B48A50900E85674 /* unknownprofile.gif */,
			);
			name = Assets;
			sourceTree = "<group>";
		};
		D89DBE1C1B54516200F3151A /* Custom Cells */ = {
			isa = PBXGroup;
			children = (
				D89DBE1A1B54515900F3151A /* ProfileCell.swift */,
			);
			name = "Custom Cells";
			sourceTree = "<group>";
		};
/* End PBXGroup section */

/* Begin PBXNativeTarget section */
		D855B7011B489D8400E85674 /* Eventory */ = {
			isa = PBXNativeTarget;
			buildConfigurationList = D855B7211B489D8400E85674 /* Build configuration list for PBXNativeTarget "Eventory" */;
			buildPhases = (
				D855B6FE1B489D8400E85674 /* Sources */,
				D855B6FF1B489D8400E85674 /* Frameworks */,
				D855B7001B489D8400E85674 /* Resources */,
			);
			buildRules = (
			);
			dependencies = (
			);
			name = Eventory;
			productName = Eventory;
			productReference = D855B7021B489D8400E85674 /* Eventory.app */;
			productType = "com.apple.product-type.application";
		};
		D855B7161B489D8400E85674 /* EventoryTests */ = {
			isa = PBXNativeTarget;
			buildConfigurationList = D855B7241B489D8400E85674 /* Build configuration list for PBXNativeTarget "EventoryTests" */;
			buildPhases = (
				D855B7131B489D8400E85674 /* Sources */,
				D855B7141B489D8400E85674 /* Frameworks */,
				D855B7151B489D8400E85674 /* Resources */,
			);
			buildRules = (
			);
			dependencies = (
				D855B7191B489D8400E85674 /* PBXTargetDependency */,
			);
			name = EventoryTests;
			productName = EventoryTests;
			productReference = D855B7171B489D8400E85674 /* EventoryTests.xctest */;
			productType = "com.apple.product-type.bundle.unit-test";
		};
/* End PBXNativeTarget section */

/* Begin PBXProject section */
		D855B6FA1B489D8400E85674 /* Project object */ = {
			isa = PBXProject;
			attributes = {
				LastUpgradeCheck = 0640;
				ORGANIZATIONNAME = "Imran Ahmed";
				TargetAttributes = {
					D855B7011B489D8400E85674 = {
						CreatedOnToolsVersion = 6.4;
					};
					D855B7161B489D8400E85674 = {
						CreatedOnToolsVersion = 6.4;
						TestTargetID = D855B7011B489D8400E85674;
					};
				};
			};
			buildConfigurationList = D855B6FD1B489D8400E85674 /* Build configuration list for PBXProject "Eventory" */;
			compatibilityVersion = "Xcode 3.2";
			developmentRegion = English;
			hasScannedForEncodings = 0;
			knownRegions = (
				en,
				Base,
			);
			mainGroup = D855B6F91B489D8400E85674;
			productRefGroup = D855B7031B489D8400E85674 /* Products */;
			projectDirPath = "";
			projectRoot = "";
			targets = (
				D855B7011B489D8400E85674 /* Eventory */,
				D855B7161B489D8400E85674 /* EventoryTests */,
			);
		};
/* End PBXProject section */

/* Begin PBXResourcesBuildPhase section */
		D855B7001B489D8400E85674 /* Resources */ = {
			isa = PBXResourcesBuildPhase;
			buildActionMask = 2147483647;
			files = (
				D855B70D1B489D8400E85674 /* Main.storyboard in Resources */,
				D855B7121B489D8400E85674 /* LaunchScreen.xib in Resources */,
				D855B70F1B489D8400E85674 /* Images.xcassets in Resources */,
				D855B72E1B48A50900E85674 /* unknownprofile.gif in Resources */,
			);
			runOnlyForDeploymentPostprocessing = 0;
		};
		D855B7151B489D8400E85674 /* Resources */ = {
			isa = PBXResourcesBuildPhase;
			buildActionMask = 2147483647;
			files = (
			);
			runOnlyForDeploymentPostprocessing = 0;
		};
/* End PBXResourcesBuildPhase section */

/* Begin PBXSourcesBuildPhase section */
		D855B6FE1B489D8400E85674 /* Sources */ = {
			isa = PBXSourcesBuildPhase;
			buildActionMask = 2147483647;
			files = (
				D82E8FD11B4B1355007A747F /* LocksmithRequest.swift in Sources */,
				D82E8FDB1B4E5350007A747F /* Eventory.xcdatamodeld in Sources */,
				D89DBE131B52BCE100F3151A /* LandingVC.swift in Sources */,
				D82E8FD01B4B1355007A747F /* Locksmith.swift in Sources */,
				D89DBE191B54385900F3151A /* LogoutVC.swift in Sources */,
				D855B70A1B489D8400E85674 /* LoginVC.swift in Sources */,
				D89DBE1B1B54515900F3151A /* ProfileCell.swift in Sources */,
				D89DBE151B52BD2E00F3151A /* CommonUtils.swift in Sources */,
				D855B7081B489D8400E85674 /* AppDelegate.swift in Sources */,
			);
			runOnlyForDeploymentPostprocessing = 0;
		};
		D855B7131B489D8400E85674 /* Sources */ = {
			isa = PBXSourcesBuildPhase;
			buildActionMask = 2147483647;
			files = (
				D855B71E1B489D8400E85674 /* EventoryTests.swift in Sources */,
			);
			runOnlyForDeploymentPostprocessing = 0;
		};
/* End PBXSourcesBuildPhase section */

/* Begin PBXTargetDependency section */
		D855B7191B489D8400E85674 /* PBXTargetDependency */ = {
			isa = PBXTargetDependency;
			target = D855B7011B489D8400E85674 /* Eventory */;
			targetProxy = D855B7181B489D8400E85674 /* PBXContainerItemProxy */;
		};
/* End PBXTargetDependency section */

/* Begin PBXVariantGroup section */
		D855B70B1B489D8400E85674 /* Main.storyboard */ = {
			isa = PBXVariantGroup;
			children = (
				D855B70C1B489D8400E85674 /* Base */,
			);
			name = Main.storyboard;
			sourceTree = "<group>";
		};
		D855B7101B489D8400E85674 /* LaunchScreen.xib */ = {
			isa = PBXVariantGroup;
			children = (
				D855B7111B489D8400E85674 /* Base */,
			);
			name = LaunchScreen.xib;
			sourceTree = "<group>";
		};
/* End PBXVariantGroup section */

/* Begin XCBuildConfiguration section */
		D855B71F1B489D8400E85674 /* Debug */ = {
			isa = XCBuildConfiguration;
			buildSettings = {
				ALWAYS_SEARCH_USER_PATHS = NO;
				CLANG_CXX_LANGUAGE_STANDARD = "gnu++0x";
				CLANG_CXX_LIBRARY = "libc++";
				CLANG_ENABLE_MODULES = YES;
				CLANG_ENABLE_OBJC_ARC = YES;
				CLANG_WARN_BOOL_CONVERSION = YES;
				CLANG_WARN_CONSTANT_CONVERSION = YES;
				CLANG_WARN_DIRECT_OBJC_ISA_USAGE = YES_ERROR;
				CLANG_WARN_EMPTY_BODY = YES;
				CLANG_WARN_ENUM_CONVERSION = YES;
				CLANG_WARN_INT_CONVERSION = YES;
				CLANG_WARN_OBJC_ROOT_CLASS = YES_ERROR;
				CLANG_WARN_UNREACHABLE_CODE = YES;
				CLANG_WARN__DUPLICATE_METHOD_MATCH = YES;
				"CODE_SIGN_IDENTITY[sdk=iphoneos*]" = "iPhone Developer";
				COPY_PHASE_STRIP = NO;
				DEBUG_INFORMATION_FORMAT = "dwarf-with-dsym";
				ENABLE_STRICT_OBJC_MSGSEND = YES;
				GCC_C_LANGUAGE_STANDARD = gnu99;
				GCC_DYNAMIC_NO_PIC = NO;
				GCC_NO_COMMON_BLOCKS = YES;
				GCC_OPTIMIZATION_LEVEL = 0;
				GCC_PREPROCESSOR_DEFINITIONS = (
					"DEBUG=1",
					"$(inherited)",
				);
				GCC_SYMBOLS_PRIVATE_EXTERN = NO;
				GCC_WARN_64_TO_32_BIT_CONVERSION = YES;
				GCC_WARN_ABOUT_RETURN_TYPE = YES_ERROR;
				GCC_WARN_UNDECLARED_SELECTOR = YES;
				GCC_WARN_UNINITIALIZED_AUTOS = YES_AGGRESSIVE;
				GCC_WARN_UNUSED_FUNCTION = YES;
				GCC_WARN_UNUSED_VARIABLE = YES;
				IPHONEOS_DEPLOYMENT_TARGET = 8.4;
				MTL_ENABLE_DEBUG_INFO = YES;
				ONLY_ACTIVE_ARCH = YES;
				SDKROOT = iphoneos;
				SWIFT_OPTIMIZATION_LEVEL = "-Onone";
			};
			name = Debug;
		};
		D855B7201B489D8400E85674 /* Release */ = {
			isa = XCBuildConfiguration;
			buildSettings = {
				ALWAYS_SEARCH_USER_PATHS = NO;
				CLANG_CXX_LANGUAGE_STANDARD = "gnu++0x";
				CLANG_CXX_LIBRARY = "libc++";
				CLANG_ENABLE_MODULES = YES;
				CLANG_ENABLE_OBJC_ARC = YES;
				CLANG_WARN_BOOL_CONVERSION = YES;
				CLANG_WARN_CONSTANT_CONVERSION = YES;
				CLANG_WARN_DIRECT_OBJC_ISA_USAGE = YES_ERROR;
				CLANG_WARN_EMPTY_BODY = YES;
				CLANG_WARN_ENUM_CONVERSION = YES;
				CLANG_WARN_INT_CONVERSION = YES;
				CLANG_WARN_OBJC_ROOT_CLASS = YES_ERROR;
				CLANG_WARN_UNREACHABLE_CODE = YES;
				CLANG_WARN__DUPLICATE_METHOD_MATCH = YES;
				"CODE_SIGN_IDENTITY[sdk=iphoneos*]" = "iPhone Developer";
				COPY_PHASE_STRIP = NO;
				DEBUG_INFORMATION_FORMAT = "dwarf-with-dsym";
				ENABLE_NS_ASSERTIONS = NO;
				ENABLE_STRICT_OBJC_MSGSEND = YES;
				GCC_C_LANGUAGE_STANDARD = gnu99;
				GCC_NO_COMMON_BLOCKS = YES;
				GCC_WARN_64_TO_32_BIT_CONVERSION = YES;
				GCC_WARN_ABOUT_RETURN_TYPE = YES_ERROR;
				GCC_WARN_UNDECLARED_SELECTOR = YES;
				GCC_WARN_UNINITIALIZED_AUTOS = YES_AGGRESSIVE;
				GCC_WARN_UNUSED_FUNCTION = YES;
				GCC_WARN_UNUSED_VARIABLE = YES;
				IPHONEOS_DEPLOYMENT_TARGET = 8.4;
				MTL_ENABLE_DEBUG_INFO = NO;
				SDKROOT = iphoneos;
				VALIDATE_PRODUCT = YES;
			};
			name = Release;
		};
		D855B7221B489D8400E85674 /* Debug */ = {
			isa = XCBuildConfiguration;
			buildSettings = {
				ASSETCATALOG_COMPILER_APPICON_NAME = AppIcon;
				FRAMEWORK_SEARCH_PATHS = (
					"$(inherited)",
					"$(PROJECT_DIR)",
				);
				INFOPLIST_FILE = Eventory/Info.plist;
				IPHONEOS_DEPLOYMENT_TARGET = 8.0;
				LD_RUNPATH_SEARCH_PATHS = "$(inherited) @executable_path/Frameworks";
				PRODUCT_NAME = "$(TARGET_NAME)";
				SWIFT_OBJC_BRIDGING_HEADER = "Eventory/Bridging-Header.h";
			};
			name = Debug;
		};
		D855B7231B489D8400E85674 /* Release */ = {
			isa = XCBuildConfiguration;
			buildSettings = {
				ASSETCATALOG_COMPILER_APPICON_NAME = AppIcon;
				FRAMEWORK_SEARCH_PATHS = (
					"$(inherited)",
					"$(PROJECT_DIR)",
				);
				INFOPLIST_FILE = Eventory/Info.plist;
				IPHONEOS_DEPLOYMENT_TARGET = 8.0;
				LD_RUNPATH_SEARCH_PATHS = "$(inherited) @executable_path/Frameworks";
				PRODUCT_NAME = "$(TARGET_NAME)";
				SWIFT_OBJC_BRIDGING_HEADER = "Eventory/Bridging-Header.h";
			};
			name = Release;
		};
		D855B7251B489D8400E85674 /* Debug */ = {
			isa = XCBuildConfiguration;
			buildSettings = {
				BUNDLE_LOADER = "$(TEST_HOST)";
				FRAMEWORK_SEARCH_PATHS = (
					"$(SDKROOT)/Developer/Library/Frameworks",
					"$(inherited)",
				);
				GCC_PREPROCESSOR_DEFINITIONS = (
					"DEBUG=1",
					"$(inherited)",
				);
				INFOPLIST_FILE = EventoryTests/Info.plist;
				LD_RUNPATH_SEARCH_PATHS = "$(inherited) @executable_path/Frameworks @loader_path/Frameworks";
				PRODUCT_NAME = "$(TARGET_NAME)";
				TEST_HOST = "$(BUILT_PRODUCTS_DIR)/Eventory.app/Eventory";
			};
			name = Debug;
		};
		D855B7261B489D8400E85674 /* Release */ = {
			isa = XCBuildConfiguration;
			buildSettings = {
				BUNDLE_LOADER = "$(TEST_HOST)";
				FRAMEWORK_SEARCH_PATHS = (
					"$(SDKROOT)/Developer/Library/Frameworks",
					"$(inherited)",
				);
				INFOPLIST_FILE = EventoryTests/Info.plist;
				LD_RUNPATH_SEARCH_PATHS = "$(inherited) @executable_path/Frameworks @loader_path/Frameworks";
				PRODUCT_NAME = "$(TARGET_NAME)";
				TEST_HOST = "$(BUILT_PRODUCTS_DIR)/Eventory.app/Eventory";
			};
			name = Release;
		};
/* End XCBuildConfiguration section */

/* Begin XCConfigurationList section */
		D855B6FD1B489D8400E85674 /* Build configuration list for PBXProject "Eventory" */ = {
			isa = XCConfigurationList;
			buildConfigurations = (
				D855B71F1B489D8400E85674 /* Debug */,
				D855B7201B489D8400E85674 /* Release */,
			);
			defaultConfigurationIsVisible = 0;
			defaultConfigurationName = Release;
		};
		D855B7211B489D8400E85674 /* Build configuration list for PBXNativeTarget "Eventory" */ = {
			isa = XCConfigurationList;
			buildConfigurations = (
				D855B7221B489D8400E85674 /* Debug */,
				D855B7231B489D8400E85674 /* Release */,
			);
			defaultConfigurationIsVisible = 0;
			defaultConfigurationName = Release;
		};
		D855B7241B489D8400E85674 /* Build configuration list for PBXNativeTarget "EventoryTests" */ = {
			isa = XCConfigurationList;
			buildConfigurations = (
				D855B7251B489D8400E85674 /* Debug */,
				D855B7261B489D8400E85674 /* Release */,
			);
			defaultConfigurationIsVisible = 0;
			defaultConfigurationName = Release;
		};
/* End XCConfigurationList section */

/* Begin XCVersionGroup section */
		D82E8FD91B4E5350007A747F /* Eventory.xcdatamodeld */ = {
			isa = XCVersionGroup;
			children = (
				D82E8FDA1B4E5350007A747F /* Eventory.xcdatamodel */,
			);
			currentVersion = D82E8FDA1B4E5350007A747F /* Eventory.xcdatamodel */;
			path = Eventory.xcdatamodeld;
			sourceTree = "<group>";
			versionGroupType = wrapper.xcdatamodel;
		};
/* End XCVersionGroup section */
	};
	rootObject = D855B6FA1B489D8400E85674 /* Project object */;
}
