// !$*UTF8*$!
{
	archiveVersion = 1;
	classes = {
	};
	objectVersion = 46;
	objects = {

/* Begin PBXBuildFile section */
		D80221BA1B6A0EFC000D26D9 /* NotificationsVC.swift in Sources */ = {isa = PBXBuildFile; fileRef = D80221B91B6A0EFC000D26D9 /* NotificationsVC.swift */; };
		D80221BC1B6BF715000D26D9 /* NotificationDecisionCell.swift in Sources */ = {isa = PBXBuildFile; fileRef = D80221BB1B6BF715000D26D9 /* NotificationDecisionCell.swift */; };
		D80221BE1B71F962000D26D9 /* Notification.swift in Sources */ = {isa = PBXBuildFile; fileRef = D80221BD1B71F962000D26D9 /* Notification.swift */; };
		D81B455D1B5AD12200DF7899 /* Profile.swift in Sources */ = {isa = PBXBuildFile; fileRef = D81B455C1B5AD12200DF7899 /* Profile.swift */; };
		D81B455F1B5AD15800DF7899 /* Group.swift in Sources */ = {isa = PBXBuildFile; fileRef = D81B455E1B5AD15800DF7899 /* Group.swift */; };
		D81B45621B5AE13200DF7899 /* GroupCell.swift in Sources */ = {isa = PBXBuildFile; fileRef = D81B45611B5AE13200DF7899 /* GroupCell.swift */; };
		D8284E1B1BAA0C8600720DBF /* LeftDeclinedVC.swift in Sources */ = {isa = PBXBuildFile; fileRef = D8284E1A1BAA0C8600720DBF /* LeftDeclinedVC.swift */; };
		D82B95E81BAABE6B00E382E7 /* LaunchScreen.xib in Resources */ = {isa = PBXBuildFile; fileRef = D855B7101B489D8400E85674 /* LaunchScreen.xib */; };
		D82B95EE1BAAC59700E382E7 /* Main.storyboard in Resources */ = {isa = PBXBuildFile; fileRef = D82B95EC1BAAC59700E382E7 /* Main.storyboard */; };
		D82E8FD01B4B1355007A747F /* Locksmith.swift in Sources */ = {isa = PBXBuildFile; fileRef = D82E8FCE1B4B1355007A747F /* Locksmith.swift */; };
		D82E8FD11B4B1355007A747F /* LocksmithRequest.swift in Sources */ = {isa = PBXBuildFile; fileRef = D82E8FCF1B4B1355007A747F /* LocksmithRequest.swift */; };
		D82E8FDB1B4E5350007A747F /* Eventory.xcdatamodeld in Sources */ = {isa = PBXBuildFile; fileRef = D82E8FD91B4E5350007A747F /* Eventory.xcdatamodeld */; };
		D84F14A41B563D190081B5E8 /* FriendCell.swift in Sources */ = {isa = PBXBuildFile; fileRef = D84F14A31B563D190081B5E8 /* FriendCell.swift */; };
		D84F14A81B582CF30081B5E8 /* unknownprofile.png in Resources */ = {isa = PBXBuildFile; fileRef = D84F14A71B582CF30081B5E8 /* unknownprofile.png */; };
		D855B7081B489D8400E85674 /* AppDelegate.swift in Sources */ = {isa = PBXBuildFile; fileRef = D855B7071B489D8400E85674 /* AppDelegate.swift */; };
		D855B70A1B489D8400E85674 /* LoginVC.swift in Sources */ = {isa = PBXBuildFile; fileRef = D855B7091B489D8400E85674 /* LoginVC.swift */; };
		D855B70F1B489D8400E85674 /* Images.xcassets in Resources */ = {isa = PBXBuildFile; fileRef = D855B70E1B489D8400E85674 /* Images.xcassets */; };
		D855B71E1B489D8400E85674 /* EventoryTests.swift in Sources */ = {isa = PBXBuildFile; fileRef = D855B71D1B489D8400E85674 /* EventoryTests.swift */; };
		D855B72A1B489DE500E85674 /* FBSDKCoreKit.framework in Frameworks */ = {isa = PBXBuildFile; fileRef = D855B7281B489DE500E85674 /* FBSDKCoreKit.framework */; };
		D855B72B1B489DE500E85674 /* FBSDKLoginKit.framework in Frameworks */ = {isa = PBXBuildFile; fileRef = D855B7291B489DE500E85674 /* FBSDKLoginKit.framework */; };
		D880E0BF1BACBFED00DB18F7 /* LeftDeclinedDecisionCell.swift in Sources */ = {isa = PBXBuildFile; fileRef = D880E0BE1BACBFED00DB18F7 /* LeftDeclinedDecisionCell.swift */; };
		D88747591B583A9000373791 /* RKDropdownAlert.m in Sources */ = {isa = PBXBuildFile; fileRef = D88747581B583A9000373791 /* RKDropdownAlert.m */; };
		D88EF3521B76C27500F7197D /* star.png in Resources */ = {isa = PBXBuildFile; fileRef = D88EF3511B76C27500F7197D /* star.png */; };
		D89DBE131B52BCE100F3151A /* LandingVC.swift in Sources */ = {isa = PBXBuildFile; fileRef = D89DBE121B52BCE100F3151A /* LandingVC.swift */; };
		D89DBE151B52BD2E00F3151A /* CommonUtils.swift in Sources */ = {isa = PBXBuildFile; fileRef = D89DBE141B52BD2E00F3151A /* CommonUtils.swift */; };
		D89DBE191B54385900F3151A /* LogoutVC.swift in Sources */ = {isa = PBXBuildFile; fileRef = D89DBE181B54385900F3151A /* LogoutVC.swift */; };
		D89DBE1B1B54515900F3151A /* ProfileCell.swift in Sources */ = {isa = PBXBuildFile; fileRef = D89DBE1A1B54515900F3151A /* ProfileCell.swift */; };
		D89DBE1E1B55C73000F3151A /* FriendListVC.swift in Sources */ = {isa = PBXBuildFile; fileRef = D89DBE1D1B55C73000F3151A /* FriendListVC.swift */; };
		D8A2E4091B8FDB21006A9A22 /* RKNotificationHub.m in Sources */ = {isa = PBXBuildFile; fileRef = D8A2E4081B8FDB21006A9A22 /* RKNotificationHub.m */; };
		D8A2E40B1B8FDF10006A9A22 /* earth.png in Resources */ = {isa = PBXBuildFile; fileRef = D8A2E40A1B8FDF10006A9A22 /* earth.png */; };
		D8A36F4E1B5DA1F00026C3A0 /* NSMutableArray+SWUtilityButtons.m in Sources */ = {isa = PBXBuildFile; fileRef = D8A36F431B5DA1F00026C3A0 /* NSMutableArray+SWUtilityButtons.m */; };
		D8A36F4F1B5DA1F00026C3A0 /* SWCellScrollView.m in Sources */ = {isa = PBXBuildFile; fileRef = D8A36F451B5DA1F00026C3A0 /* SWCellScrollView.m */; };
		D8A36F501B5DA1F00026C3A0 /* SWLongPressGestureRecognizer.m in Sources */ = {isa = PBXBuildFile; fileRef = D8A36F471B5DA1F00026C3A0 /* SWLongPressGestureRecognizer.m */; };
		D8A36F511B5DA1F00026C3A0 /* SWTableViewCell.m in Sources */ = {isa = PBXBuildFile; fileRef = D8A36F491B5DA1F00026C3A0 /* SWTableViewCell.m */; };
		D8A36F521B5DA1F00026C3A0 /* SWUtilityButtonTapGestureRecognizer.m in Sources */ = {isa = PBXBuildFile; fileRef = D8A36F4B1B5DA1F00026C3A0 /* SWUtilityButtonTapGestureRecognizer.m */; };
		D8A36F531B5DA1F00026C3A0 /* SWUtilityButtonView.m in Sources */ = {isa = PBXBuildFile; fileRef = D8A36F4D1B5DA1F00026C3A0 /* SWUtilityButtonView.m */; };
		D8A36F5D1B5DAF3F0026C3A0 /* add.png in Resources */ = {isa = PBXBuildFile; fileRef = D8A36F5A1B5DAF3F0026C3A0 /* add.png */; };
		D8A36F5E1B5DAF3F0026C3A0 /* sub.png in Resources */ = {isa = PBXBuildFile; fileRef = D8A36F5B1B5DAF3F0026C3A0 /* sub.png */; };
		D8A36F5F1B5DAF3F0026C3A0 /* delete.png in Resources */ = {isa = PBXBuildFile; fileRef = D8A36F5C1B5DAF3F0026C3A0 /* delete.png */; };
		D8A36F611B5DB19E0026C3A0 /* exit.png in Resources */ = {isa = PBXBuildFile; fileRef = D8A36F601B5DB19E0026C3A0 /* exit.png */; };
		D8A36F641B5EDCE70026C3A0 /* group_add.png in Resources */ = {isa = PBXBuildFile; fileRef = D8A36F621B5EDCE70026C3A0 /* group_add.png */; };
		D8A36F651B5EDCE70026C3A0 /* group_list.png in Resources */ = {isa = PBXBuildFile; fileRef = D8A36F631B5EDCE70026C3A0 /* group_list.png */; };
		D8D868191B62A17500CF63B7 /* GroupListPopoverVC.swift in Sources */ = {isa = PBXBuildFile; fileRef = D8D868181B62A17500CF63B7 /* GroupListPopoverVC.swift */; };
		D8F2F8981B661BE800D3DA8E /* InviteVC.swift in Sources */ = {isa = PBXBuildFile; fileRef = D8F2F8971B661BE800D3DA8E /* InviteVC.swift */; };
		D8F2F89A1B66E76A00D3DA8E /* GroupCellEmpty.swift in Sources */ = {isa = PBXBuildFile; fileRef = D8F2F8991B66E76A00D3DA8E /* GroupCellEmpty.swift */; };
		D8F2F89D1B684F3900D3DA8E /* MarqueeLabel.m in Sources */ = {isa = PBXBuildFile; fileRef = D8F2F89B1B684F3900D3DA8E /* MarqueeLabel.m */; };
		D8F2F89F1B68D62C00D3DA8E /* GroupCreateVC.swift in Sources */ = {isa = PBXBuildFile; fileRef = D8F2F89E1B68D62C00D3DA8E /* GroupCreateVC.swift */; };
		D8F2F8A31B6998C500D3DA8E /* bell.png in Resources */ = {isa = PBXBuildFile; fileRef = D8F2F8A21B6998C500D3DA8E /* bell.png */; };
/* End PBXBuildFile section */

/* Begin PBXContainerItemProxy section */
		D855B7181B489D8400E85674 /* PBXContainerItemProxy */ = {
			isa = PBXContainerItemProxy;
			containerPortal = D855B6FA1B489D8400E85674 /* Project object */;
			proxyType = 1;
			remoteGlobalIDString = D855B7011B489D8400E85674;
			remoteInfo = Eventory;
		};
/* End PBXContainerItemProxy section */

/* Begin PBXFileReference section */
		D80221B91B6A0EFC000D26D9 /* NotificationsVC.swift */ = {isa = PBXFileReference; fileEncoding = 4; lastKnownFileType = sourcecode.swift; name = NotificationsVC.swift; path = ../NotificationsVC.swift; sourceTree = "<group>"; };
		D80221BB1B6BF715000D26D9 /* NotificationDecisionCell.swift */ = {isa = PBXFileReference; fileEncoding = 4; lastKnownFileType = sourcecode.swift; path = NotificationDecisionCell.swift; sourceTree = "<group>"; };
		D80221BD1B71F962000D26D9 /* Notification.swift */ = {isa = PBXFileReference; fileEncoding = 4; lastKnownFileType = sourcecode.swift; path = Notification.swift; sourceTree = "<group>"; };
		D81B455C1B5AD12200DF7899 /* Profile.swift */ = {isa = PBXFileReference; fileEncoding = 4; lastKnownFileType = sourcecode.swift; path = Profile.swift; sourceTree = "<group>"; };
		D81B455E1B5AD15800DF7899 /* Group.swift */ = {isa = PBXFileReference; fileEncoding = 4; lastKnownFileType = sourcecode.swift; path = Group.swift; sourceTree = "<group>"; };
		D81B45611B5AE13200DF7899 /* GroupCell.swift */ = {isa = PBXFileReference; fileEncoding = 4; lastKnownFileType = sourcecode.swift; path = GroupCell.swift; sourceTree = "<group>"; };
		D8284E1A1BAA0C8600720DBF /* LeftDeclinedVC.swift */ = {isa = PBXFileReference; fileEncoding = 4; lastKnownFileType = sourcecode.swift; name = LeftDeclinedVC.swift; path = ../LeftDeclinedVC.swift; sourceTree = "<group>"; };
		D82B95ED1BAAC59700E382E7 /* Base */ = {isa = PBXFileReference; lastKnownFileType = file.storyboard; name = Base; path = Eventory/Base.lproj/Main.storyboard; sourceTree = "<group>"; };
		D82E8FCE1B4B1355007A747F /* Locksmith.swift */ = {isa = PBXFileReference; fileEncoding = 4; lastKnownFileType = sourcecode.swift; path = Locksmith.swift; sourceTree = "<group>"; };
		D82E8FCF1B4B1355007A747F /* LocksmithRequest.swift */ = {isa = PBXFileReference; fileEncoding = 4; lastKnownFileType = sourcecode.swift; path = LocksmithRequest.swift; sourceTree = "<group>"; };
		D82E8FDA1B4E5350007A747F /* Eventory.xcdatamodel */ = {isa = PBXFileReference; lastKnownFileType = wrapper.xcdatamodel; path = Eventory.xcdatamodel; sourceTree = "<group>"; };
		D84F14A31B563D190081B5E8 /* FriendCell.swift */ = {isa = PBXFileReference; fileEncoding = 4; lastKnownFileType = sourcecode.swift; path = FriendCell.swift; sourceTree = "<group>"; };
		D84F14A71B582CF30081B5E8 /* unknownprofile.png */ = {isa = PBXFileReference; lastKnownFileType = image.png; path = unknownprofile.png; sourceTree = "<group>"; };
		D855B7021B489D8400E85674 /* Eventory.app */ = {isa = PBXFileReference; explicitFileType = wrapper.application; includeInIndex = 0; path = Eventory.app; sourceTree = BUILT_PRODUCTS_DIR; };
		D855B7061B489D8400E85674 /* Info.plist */ = {isa = PBXFileReference; lastKnownFileType = text.plist.xml; path = Info.plist; sourceTree = "<group>"; };
		D855B7071B489D8400E85674 /* AppDelegate.swift */ = {isa = PBXFileReference; lastKnownFileType = sourcecode.swift; path = AppDelegate.swift; sourceTree = "<group>"; };
		D855B7091B489D8400E85674 /* LoginVC.swift */ = {isa = PBXFileReference; lastKnownFileType = sourcecode.swift; path = LoginVC.swift; sourceTree = "<group>"; };
		D855B70E1B489D8400E85674 /* Images.xcassets */ = {isa = PBXFileReference; lastKnownFileType = folder.assetcatalog; path = Images.xcassets; sourceTree = "<group>"; };
		D855B7111B489D8400E85674 /* Base */ = {isa = PBXFileReference; lastKnownFileType = file.xib; name = Base; path = Base.lproj/LaunchScreen.xib; sourceTree = "<group>"; };
		D855B7171B489D8400E85674 /* EventoryTests.xctest */ = {isa = PBXFileReference; explicitFileType = wrapper.cfbundle; includeInIndex = 0; path = EventoryTests.xctest; sourceTree = BUILT_PRODUCTS_DIR; };
		D855B71C1B489D8400E85674 /* Info.plist */ = {isa = PBXFileReference; lastKnownFileType = text.plist.xml; path = Info.plist; sourceTree = "<group>"; };
		D855B71D1B489D8400E85674 /* EventoryTests.swift */ = {isa = PBXFileReference; lastKnownFileType = sourcecode.swift; path = EventoryTests.swift; sourceTree = "<group>"; };
		D855B7271B489DA100E85674 /* Bridging-Header.h */ = {isa = PBXFileReference; lastKnownFileType = sourcecode.c.h; path = "Bridging-Header.h"; sourceTree = "<group>"; };
		D855B7281B489DE500E85674 /* FBSDKCoreKit.framework */ = {isa = PBXFileReference; lastKnownFileType = wrapper.framework; name = FBSDKCoreKit.framework; path = ../FBSDKCoreKit.framework; sourceTree = "<group>"; };
		D855B7291B489DE500E85674 /* FBSDKLoginKit.framework */ = {isa = PBXFileReference; lastKnownFileType = wrapper.framework; name = FBSDKLoginKit.framework; path = ../FBSDKLoginKit.framework; sourceTree = "<group>"; };
		D880E0BE1BACBFED00DB18F7 /* LeftDeclinedDecisionCell.swift */ = {isa = PBXFileReference; fileEncoding = 4; lastKnownFileType = sourcecode.swift; path = LeftDeclinedDecisionCell.swift; sourceTree = "<group>"; };
		D88747571B583A9000373791 /* RKDropdownAlert.h */ = {isa = PBXFileReference; fileEncoding = 4; lastKnownFileType = sourcecode.c.h; path = RKDropdownAlert.h; sourceTree = "<group>"; };
		D88747581B583A9000373791 /* RKDropdownAlert.m */ = {isa = PBXFileReference; fileEncoding = 4; lastKnownFileType = sourcecode.c.objc; path = RKDropdownAlert.m; sourceTree = "<group>"; };
		D88EF3511B76C27500F7197D /* star.png */ = {isa = PBXFileReference; lastKnownFileType = image.png; name = star.png; path = ../star.png; sourceTree = "<group>"; };
		D89DBE121B52BCE100F3151A /* LandingVC.swift */ = {isa = PBXFileReference; fileEncoding = 4; lastKnownFileType = sourcecode.swift; path = LandingVC.swift; sourceTree = "<group>"; };
		D89DBE141B52BD2E00F3151A /* CommonUtils.swift */ = {isa = PBXFileReference; fileEncoding = 4; lastKnownFileType = sourcecode.swift; path = CommonUtils.swift; sourceTree = "<group>"; };
		D89DBE181B54385900F3151A /* LogoutVC.swift */ = {isa = PBXFileReference; fileEncoding = 4; lastKnownFileType = sourcecode.swift; path = LogoutVC.swift; sourceTree = "<group>"; };
		D89DBE1A1B54515900F3151A /* ProfileCell.swift */ = {isa = PBXFileReference; fileEncoding = 4; lastKnownFileType = sourcecode.swift; path = ProfileCell.swift; sourceTree = "<group>"; };
		D89DBE1D1B55C73000F3151A /* FriendListVC.swift */ = {isa = PBXFileReference; fileEncoding = 4; lastKnownFileType = sourcecode.swift; path = FriendListVC.swift; sourceTree = "<group>"; };
		D8A2E4071B8FDB21006A9A22 /* RKNotificationHub.h */ = {isa = PBXFileReference; fileEncoding = 4; lastKnownFileType = sourcecode.c.h; path = RKNotificationHub.h; sourceTree = "<group>"; };
		D8A2E4081B8FDB21006A9A22 /* RKNotificationHub.m */ = {isa = PBXFileReference; fileEncoding = 4; lastKnownFileType = sourcecode.c.objc; path = RKNotificationHub.m; sourceTree = "<group>"; };
		D8A2E40A1B8FDF10006A9A22 /* earth.png */ = {isa = PBXFileReference; lastKnownFileType = image.png; path = earth.png; sourceTree = "<group>"; };
		D8A36F421B5DA1F00026C3A0 /* NSMutableArray+SWUtilityButtons.h */ = {isa = PBXFileReference; fileEncoding = 4; lastKnownFileType = sourcecode.c.h; path = "NSMutableArray+SWUtilityButtons.h"; sourceTree = "<group>"; };
		D8A36F431B5DA1F00026C3A0 /* NSMutableArray+SWUtilityButtons.m */ = {isa = PBXFileReference; fileEncoding = 4; lastKnownFileType = sourcecode.c.objc; path = "NSMutableArray+SWUtilityButtons.m"; sourceTree = "<group>"; };
		D8A36F441B5DA1F00026C3A0 /* SWCellScrollView.h */ = {isa = PBXFileReference; fileEncoding = 4; lastKnownFileType = sourcecode.c.h; path = SWCellScrollView.h; sourceTree = "<group>"; };
		D8A36F451B5DA1F00026C3A0 /* SWCellScrollView.m */ = {isa = PBXFileReference; fileEncoding = 4; lastKnownFileType = sourcecode.c.objc; path = SWCellScrollView.m; sourceTree = "<group>"; };
		D8A36F461B5DA1F00026C3A0 /* SWLongPressGestureRecognizer.h */ = {isa = PBXFileReference; fileEncoding = 4; lastKnownFileType = sourcecode.c.h; path = SWLongPressGestureRecognizer.h; sourceTree = "<group>"; };
		D8A36F471B5DA1F00026C3A0 /* SWLongPressGestureRecognizer.m */ = {isa = PBXFileReference; fileEncoding = 4; lastKnownFileType = sourcecode.c.objc; path = SWLongPressGestureRecognizer.m; sourceTree = "<group>"; };
		D8A36F481B5DA1F00026C3A0 /* SWTableViewCell.h */ = {isa = PBXFileReference; fileEncoding = 4; lastKnownFileType = sourcecode.c.h; path = SWTableViewCell.h; sourceTree = "<group>"; };
		D8A36F491B5DA1F00026C3A0 /* SWTableViewCell.m */ = {isa = PBXFileReference; fileEncoding = 4; lastKnownFileType = sourcecode.c.objc; path = SWTableViewCell.m; sourceTree = "<group>"; };
		D8A36F4A1B5DA1F00026C3A0 /* SWUtilityButtonTapGestureRecognizer.h */ = {isa = PBXFileReference; fileEncoding = 4; lastKnownFileType = sourcecode.c.h; path = SWUtilityButtonTapGestureRecognizer.h; sourceTree = "<group>"; };
		D8A36F4B1B5DA1F00026C3A0 /* SWUtilityButtonTapGestureRecognizer.m */ = {isa = PBXFileReference; fileEncoding = 4; lastKnownFileType = sourcecode.c.objc; path = SWUtilityButtonTapGestureRecognizer.m; sourceTree = "<group>"; };
		D8A36F4C1B5DA1F00026C3A0 /* SWUtilityButtonView.h */ = {isa = PBXFileReference; fileEncoding = 4; lastKnownFileType = sourcecode.c.h; path = SWUtilityButtonView.h; sourceTree = "<group>"; };
		D8A36F4D1B5DA1F00026C3A0 /* SWUtilityButtonView.m */ = {isa = PBXFileReference; fileEncoding = 4; lastKnownFileType = sourcecode.c.objc; path = SWUtilityButtonView.m; sourceTree = "<group>"; };
		D8A36F5A1B5DAF3F0026C3A0 /* add.png */ = {isa = PBXFileReference; lastKnownFileType = image.png; name = add.png; path = ../add.png; sourceTree = "<group>"; };
		D8A36F5B1B5DAF3F0026C3A0 /* sub.png */ = {isa = PBXFileReference; lastKnownFileType = image.png; name = sub.png; path = ../sub.png; sourceTree = "<group>"; };
		D8A36F5C1B5DAF3F0026C3A0 /* delete.png */ = {isa = PBXFileReference; lastKnownFileType = image.png; name = delete.png; path = ../delete.png; sourceTree = "<group>"; };
		D8A36F601B5DB19E0026C3A0 /* exit.png */ = {isa = PBXFileReference; lastKnownFileType = image.png; path = exit.png; sourceTree = "<group>"; };
		D8A36F621B5EDCE70026C3A0 /* group_add.png */ = {isa = PBXFileReference; lastKnownFileType = image.png; name = group_add.png; path = ../group_add.png; sourceTree = "<group>"; };
		D8A36F631B5EDCE70026C3A0 /* group_list.png */ = {isa = PBXFileReference; lastKnownFileType = image.png; name = group_list.png; path = ../group_list.png; sourceTree = "<group>"; };
		D8D868181B62A17500CF63B7 /* GroupListPopoverVC.swift */ = {isa = PBXFileReference; fileEncoding = 4; lastKnownFileType = sourcecode.swift; path = GroupListPopoverVC.swift; sourceTree = "<group>"; };
		D8F2F8971B661BE800D3DA8E /* InviteVC.swift */ = {isa = PBXFileReference; fileEncoding = 4; lastKnownFileType = sourcecode.swift; path = InviteVC.swift; sourceTree = "<group>"; };
		D8F2F8991B66E76A00D3DA8E /* GroupCellEmpty.swift */ = {isa = PBXFileReference; fileEncoding = 4; lastKnownFileType = sourcecode.swift; path = GroupCellEmpty.swift; sourceTree = "<group>"; };
		D8F2F89B1B684F3900D3DA8E /* MarqueeLabel.m */ = {isa = PBXFileReference; fileEncoding = 4; lastKnownFileType = sourcecode.c.objc; path = MarqueeLabel.m; sourceTree = "<group>"; };
		D8F2F89C1B684F3900D3DA8E /* MarqueeLabel.h */ = {isa = PBXFileReference; fileEncoding = 4; lastKnownFileType = sourcecode.c.h; path = MarqueeLabel.h; sourceTree = "<group>"; };
		D8F2F89E1B68D62C00D3DA8E /* GroupCreateVC.swift */ = {isa = PBXFileReference; fileEncoding = 4; lastKnownFileType = sourcecode.swift; path = GroupCreateVC.swift; sourceTree = "<group>"; };
		D8F2F8A21B6998C500D3DA8E /* bell.png */ = {isa = PBXFileReference; lastKnownFileType = image.png; path = bell.png; sourceTree = "<group>"; };
/* End PBXFileReference section */

/* Begin PBXFrameworksBuildPhase section */
		D855B6FF1B489D8400E85674 /* Frameworks */ = {
			isa = PBXFrameworksBuildPhase;
			buildActionMask = 2147483647;
			files = (
				D855B72B1B489DE500E85674 /* FBSDKLoginKit.framework in Frameworks */,
				D855B72A1B489DE500E85674 /* FBSDKCoreKit.framework in Frameworks */,
			);
			runOnlyForDeploymentPostprocessing = 0;
		};
		D855B7141B489D8400E85674 /* Frameworks */ = {
			isa = PBXFrameworksBuildPhase;
			buildActionMask = 2147483647;
			files = (
			);
			runOnlyForDeploymentPostprocessing = 0;
		};
/* End PBXFrameworksBuildPhase section */

/* Begin PBXGroup section */
		D81B45601B5AD17500DF7899 /* Base Classes */ = {
			isa = PBXGroup;
			children = (
				D89DBE141B52BD2E00F3151A /* CommonUtils.swift */,
				D81B455C1B5AD12200DF7899 /* Profile.swift */,
				D80221BD1B71F962000D26D9 /* Notification.swift */,
				D81B455E1B5AD15800DF7899 /* Group.swift */,
			);
			name = "Base Classes";
			sourceTree = "<group>";
		};
		D82E8FD21B4B135C007A747F /* Supporting Classes */ = {
			isa = PBXGroup;
			children = (
				D8A36F411B5CD9C80026C3A0 /* SWTableViewCell */,
				D8F2F89B1B684F3900D3DA8E /* MarqueeLabel.m */,
				D8F2F89C1B684F3900D3DA8E /* MarqueeLabel.h */,
				D88747571B583A9000373791 /* RKDropdownAlert.h */,
				D88747581B583A9000373791 /* RKDropdownAlert.m */,
				D8A2E4071B8FDB21006A9A22 /* RKNotificationHub.h */,
				D8A2E4081B8FDB21006A9A22 /* RKNotificationHub.m */,
				D82E8FCE1B4B1355007A747F /* Locksmith.swift */,
				D82E8FCF1B4B1355007A747F /* LocksmithRequest.swift */,
			);
			name = "Supporting Classes";
			sourceTree = "<group>";
		};
		D855B6F91B489D8400E85674 = {
			isa = PBXGroup;
			children = (
				D855B7041B489D8400E85674 /* Eventory */,
				D855B71A1B489D8400E85674 /* EventoryTests */,
				D855B7031B489D8400E85674 /* Products */,
			);
			sourceTree = "<group>";
		};
		D855B7031B489D8400E85674 /* Products */ = {
			isa = PBXGroup;
			children = (
				D855B7021B489D8400E85674 /* Eventory.app */,
				D855B7171B489D8400E85674 /* EventoryTests.xctest */,
			);
			name = Products;
			sourceTree = "<group>";
		};
		D855B7041B489D8400E85674 /* Eventory */ = {
			isa = PBXGroup;
			children = (
				D89DBE121B52BCE100F3151A /* LandingVC.swift */,
				D80221B91B6A0EFC000D26D9 /* NotificationsVC.swift */,
				D855B70E1B489D8400E85674 /* Images.xcassets */,
				D855B7101B489D8400E85674 /* LaunchScreen.xib */,
				D82B95EC1BAAC59700E382E7 /* Main.storyboard */,
				D855B7271B489DA100E85674 /* Bridging-Header.h */,
				D8F2F8A11B69974300D3DA8E /* Login/Logout & CoreData Controllers */,
				D8F2F8A01B69972400D3DA8E /* Group & Friends View Controllers */,
				D81B45601B5AD17500DF7899 /* Base Classes */,
				D89DBE1C1B54516200F3151A /* Custom Cells */,
				D855B7281B489DE500E85674 /* FBSDKCoreKit.framework */,
				D855B7291B489DE500E85674 /* FBSDKLoginKit.framework */,
				D855B7051B489D8400E85674 /* Supporting Files */,
			);
			path = Eventory;
			sourceTree = "<group>";
		};
		D855B7051B489D8400E85674 /* Supporting Files */ = {
			isa = PBXGroup;
			children = (
				D82E8FD21B4B135C007A747F /* Supporting Classes */,
				D855B72C1B48A4F600E85674 /* Assets */,
				D855B7061B489D8400E85674 /* Info.plist */,
			);
			name = "Supporting Files";
			sourceTree = "<group>";
		};
		D855B71A1B489D8400E85674 /* EventoryTests */ = {
			isa = PBXGroup;
			children = (
				D855B71D1B489D8400E85674 /* EventoryTests.swift */,
				D855B71B1B489D8400E85674 /* Supporting Files */,
			);
			path = EventoryTests;
			sourceTree = "<group>";
		};
		D855B71B1B489D8400E85674 /* Supporting Files */ = {
			isa = PBXGroup;
			children = (
				D855B71C1B489D8400E85674 /* Info.plist */,
			);
			name = "Supporting Files";
			sourceTree = "<group>";
		};
		D855B72C1B48A4F600E85674 /* Assets */ = {
			isa = PBXGroup;
			children = (
				D8A2E40A1B8FDF10006A9A22 /* earth.png */,
				D8F2F8A21B6998C500D3DA8E /* bell.png */,
				D8A36F621B5EDCE70026C3A0 /* group_add.png */,
				D8A36F631B5EDCE70026C3A0 /* group_list.png */,
				D8A36F5A1B5DAF3F0026C3A0 /* add.png */,
				D8A36F5B1B5DAF3F0026C3A0 /* sub.png */,
				D8A36F5C1B5DAF3F0026C3A0 /* delete.png */,
				D8A36F601B5DB19E0026C3A0 /* exit.png */,
				D84F14A71B582CF30081B5E8 /* unknownprofile.png */,
				D88EF3511B76C27500F7197D /* star.png */,
			);
			name = Assets;
			sourceTree = "<group>";
		};
		D89DBE1C1B54516200F3151A /* Custom Cells */ = {
			isa = PBXGroup;
			children = (
				D89DBE1A1B54515900F3151A /* ProfileCell.swift */,
				D81B45611B5AE13200DF7899 /* GroupCell.swift */,
				D8F2F8991B66E76A00D3DA8E /* GroupCellEmpty.swift */,
				D84F14A31B563D190081B5E8 /* FriendCell.swift */,
				D80221BB1B6BF715000D26D9 /* NotificationDecisionCell.swift */,
				D880E0BE1BACBFED00DB18F7 /* LeftDeclinedDecisionCell.swift */,
			);
			name = "Custom Cells";
			sourceTree = "<group>";
		};
		D8A36F411B5CD9C80026C3A0 /* SWTableViewCell */ = {
			isa = PBXGroup;
			children = (
				D8A36F421B5DA1F00026C3A0 /* NSMutableArray+SWUtilityButtons.h */,
				D8A36F431B5DA1F00026C3A0 /* NSMutableArray+SWUtilityButtons.m */,
				D8A36F441B5DA1F00026C3A0 /* SWCellScrollView.h */,
				D8A36F451B5DA1F00026C3A0 /* SWCellScrollView.m */,
				D8A36F461B5DA1F00026C3A0 /* SWLongPressGestureRecognizer.h */,
				D8A36F471B5DA1F00026C3A0 /* SWLongPressGestureRecognizer.m */,
				D8A36F481B5DA1F00026C3A0 /* SWTableViewCell.h */,
				D8A36F491B5DA1F00026C3A0 /* SWTableViewCell.m */,
				D8A36F4A1B5DA1F00026C3A0 /* SWUtilityButtonTapGestureRecognizer.h */,
				D8A36F4B1B5DA1F00026C3A0 /* SWUtilityButtonTapGestureRecognizer.m */,
				D8A36F4C1B5DA1F00026C3A0 /* SWUtilityButtonView.h */,
				D8A36F4D1B5DA1F00026C3A0 /* SWUtilityButtonView.m */,
			);
			name = SWTableViewCell;
			path = ..;
			sourceTree = "<group>";
		};
		D8F2F8A01B69972400D3DA8E /* Group & Friends View Controllers */ = {
			isa = PBXGroup;
			children = (
				D89DBE1D1B55C73000F3151A /* FriendListVC.swift */,
				D8D868181B62A17500CF63B7 /* GroupListPopoverVC.swift */,
				D8F2F8971B661BE800D3DA8E /* InviteVC.swift */,
				D8F2F89E1B68D62C00D3DA8E /* GroupCreateVC.swift */,
				D8284E1A1BAA0C8600720DBF /* LeftDeclinedVC.swift */,
			);
			name = "Group & Friends View Controllers";
			sourceTree = "<group>";
		};
		D8F2F8A11B69974300D3DA8E /* Login/Logout & CoreData Controllers */ = {
			isa = PBXGroup;
			children = (
				D82E8FD91B4E5350007A747F /* Eventory.xcdatamodeld */,
				D855B7091B489D8400E85674 /* LoginVC.swift */,
				D89DBE181B54385900F3151A /* LogoutVC.swift */,
				D855B7071B489D8400E85674 /* AppDelegate.swift */,
			);
			name = "Login/Logout & CoreData Controllers";
			sourceTree = "<group>";
		};
/* End PBXGroup section */

/* Begin PBXNativeTarget section */
		D855B7011B489D8400E85674 /* Eventory */ = {
			isa = PBXNativeTarget;
			buildConfigurationList = D855B7211B489D8400E85674 /* Build configuration list for PBXNativeTarget "Eventory" */;
			buildPhases = (
				D855B6FE1B489D8400E85674 /* Sources */,
				D855B6FF1B489D8400E85674 /* Frameworks */,
				D855B7001B489D8400E85674 /* Resources */,
			);
			buildRules = (
			);
			dependencies = (
			);
			name = Eventory;
			productName = Eventory;
			productReference = D855B7021B489D8400E85674 /* Eventory.app */;
			productType = "com.apple.product-type.application";
		};
		D855B7161B489D8400E85674 /* EventoryTests */ = {
			isa = PBXNativeTarget;
			buildConfigurationList = D855B7241B489D8400E85674 /* Build configuration list for PBXNativeTarget "EventoryTests" */;
			buildPhases = (
				D855B7131B489D8400E85674 /* Sources */,
				D855B7141B489D8400E85674 /* Frameworks */,
				D855B7151B489D8400E85674 /* Resources */,
			);
			buildRules = (
			);
			dependencies = (
				D855B7191B489D8400E85674 /* PBXTargetDependency */,
			);
			name = EventoryTests;
			productName = EventoryTests;
			productReference = D855B7171B489D8400E85674 /* EventoryTests.xctest */;
			productType = "com.apple.product-type.bundle.unit-test";
		};
/* End PBXNativeTarget section */

/* Begin PBXProject section */
		D855B6FA1B489D8400E85674 /* Project object */ = {
			isa = PBXProject;
			attributes = {
				LastUpgradeCheck = 0640;
				ORGANIZATIONNAME = "Imran Ahmed";
				TargetAttributes = {
					D855B7011B489D8400E85674 = {
						CreatedOnToolsVersion = 6.4;
					};
					D855B7161B489D8400E85674 = {
						CreatedOnToolsVersion = 6.4;
						TestTargetID = D855B7011B489D8400E85674;
					};
				};
			};
			buildConfigurationList = D855B6FD1B489D8400E85674 /* Build configuration list for PBXProject "Eventory" */;
			compatibilityVersion = "Xcode 3.2";
			developmentRegion = English;
			hasScannedForEncodings = 0;
			knownRegions = (
				en,
				Base,
			);
			mainGroup = D855B6F91B489D8400E85674;
			productRefGroup = D855B7031B489D8400E85674 /* Products */;
			projectDirPath = "";
			projectRoot = "";
			targets = (
				D855B7011B489D8400E85674 /* Eventory */,
				D855B7161B489D8400E85674 /* EventoryTests */,
			);
		};
/* End PBXProject section */

/* Begin PBXResourcesBuildPhase section */
		D855B7001B489D8400E85674 /* Resources */ = {
			isa = PBXResourcesBuildPhase;
			buildActionMask = 2147483647;
			files = (
				D82B95E81BAABE6B00E382E7 /* LaunchScreen.xib in Resources */,
				D8A36F5D1B5DAF3F0026C3A0 /* add.png in Resources */,
				D8A36F611B5DB19E0026C3A0 /* exit.png in Resources */,
				D84F14A81B582CF30081B5E8 /* unknownprofile.png in Resources */,
				D88EF3521B76C27500F7197D /* star.png in Resources */,
				D8A36F5E1B5DAF3F0026C3A0 /* sub.png in Resources */,
				D8A2E40B1B8FDF10006A9A22 /* earth.png in Resources */,
				D82B95EE1BAAC59700E382E7 /* Main.storyboard in Resources */,
				D8F2F8A31B6998C500D3DA8E /* bell.png in Resources */,
				D855B70F1B489D8400E85674 /* Images.xcassets in Resources */,
				D8A36F5F1B5DAF3F0026C3A0 /* delete.png in Resources */,
				D8A36F641B5EDCE70026C3A0 /* group_add.png in Resources */,
				D8A36F651B5EDCE70026C3A0 /* group_list.png in Resources */,
			);
			runOnlyForDeploymentPostprocessing = 0;
		};
		D855B7151B489D8400E85674 /* Resources */ = {
			isa = PBXResourcesBuildPhase;
			buildActionMask = 2147483647;
			files = (
			);
			runOnlyForDeploymentPostprocessing = 0;
		};
/* End PBXResourcesBuildPhase section */

/* Begin PBXSourcesBuildPhase section */
		D855B6FE1B489D8400E85674 /* Sources */ = {
			isa = PBXSourcesBuildPhase;
			buildActionMask = 2147483647;
			files = (
				D8F2F89D1B684F3900D3DA8E /* MarqueeLabel.m in Sources */,
				D80221BA1B6A0EFC000D26D9 /* NotificationsVC.swift in Sources */,
				D81B45621B5AE13200DF7899 /* GroupCell.swift in Sources */,
				D84F14A41B563D190081B5E8 /* FriendCell.swift in Sources */,
				D8A36F521B5DA1F00026C3A0 /* SWUtilityButtonTapGestureRecognizer.m in Sources */,
				D89DBE1E1B55C73000F3151A /* FriendListVC.swift in Sources */,
				D88747591B583A9000373791 /* RKDropdownAlert.m in Sources */,
				D81B455D1B5AD12200DF7899 /* Profile.swift in Sources */,
				D8A36F501B5DA1F00026C3A0 /* SWLongPressGestureRecognizer.m in Sources */,
				D82E8FD11B4B1355007A747F /* LocksmithRequest.swift in Sources */,
				D880E0BF1BACBFED00DB18F7 /* LeftDeclinedDecisionCell.swift in Sources */,
				D8A36F511B5DA1F00026C3A0 /* SWTableViewCell.m in Sources */,
				D8A2E4091B8FDB21006A9A22 /* RKNotificationHub.m in Sources */,
				D82E8FDB1B4E5350007A747F /* Eventory.xcdatamodeld in Sources */,
				D8284E1B1BAA0C8600720DBF /* LeftDeclinedVC.swift in Sources */,
				D89DBE131B52BCE100F3151A /* LandingVC.swift in Sources */,
				D8F2F89A1B66E76A00D3DA8E /* GroupCellEmpty.swift in Sources */,
				D81B455F1B5AD15800DF7899 /* Group.swift in Sources */,
				D8D868191B62A17500CF63B7 /* GroupListPopoverVC.swift in Sources */,
				D82E8FD01B4B1355007A747F /* Locksmith.swift in Sources */,
				D8A36F4E1B5DA1F00026C3A0 /* NSMutableArray+SWUtilityButtons.m in Sources */,
				D8F2F8981B661BE800D3DA8E /* InviteVC.swift in Sources */,
				D8F2F89F1B68D62C00D3DA8E /* GroupCreateVC.swift in Sources */,
				D89DBE191B54385900F3151A /* LogoutVC.swift in Sources */,
				D80221BE1B71F962000D26D9 /* Notification.swift in Sources */,
				D855B70A1B489D8400E85674 /* LoginVC.swift in Sources */,
				D8A36F531B5DA1F00026C3A0 /* SWUtilityButtonView.m in Sources */,
				D89DBE1B1B54515900F3151A /* ProfileCell.swift in Sources */,
				D89DBE151B52BD2E00F3151A /* CommonUtils.swift in Sources */,
				D855B7081B489D8400E85674 /* AppDelegate.swift in Sources */,
				D80221BC1B6BF715000D26D9 /* NotificationDecisionCell.swift in Sources */,
				D8A36F4F1B5DA1F00026C3A0 /* SWCellScrollView.m in Sources */,
			);
			runOnlyForDeploymentPostprocessing = 0;
		};
		D855B7131B489D8400E85674 /* Sources */ = {
			isa = PBXSourcesBuildPhase;
			buildActionMask = 2147483647;
			files = (
				D855B71E1B489D8400E85674 /* EventoryTests.swift in Sources */,
			);
			runOnlyForDeploymentPostprocessing = 0;
		};
/* End PBXSourcesBuildPhase section */

/* Begin PBXTargetDependency section */
		D855B7191B489D8400E85674 /* PBXTargetDependency */ = {
			isa = PBXTargetDependency;
			target = D855B7011B489D8400E85674 /* Eventory */;
			targetProxy = D855B7181B489D8400E85674 /* PBXContainerItemProxy */;
		};
/* End PBXTargetDependency section */

/* Begin PBXVariantGroup section */
		D82B95EC1BAAC59700E382E7 /* Main.storyboard */ = {
			isa = PBXVariantGroup;
			children = (
				D82B95ED1BAAC59700E382E7 /* Base */,
			);
			name = Main.storyboard;
			path = ..;
			sourceTree = "<group>";
		};
		D855B7101B489D8400E85674 /* LaunchScreen.xib */ = {
			isa = PBXVariantGroup;
			children = (
				D855B7111B489D8400E85674 /* Base */,
			);
			name = LaunchScreen.xib;
			sourceTree = "<group>";
		};
/* End PBXVariantGroup section */

/* Begin XCBuildConfiguration section */
		D855B71F1B489D8400E85674 /* Debug */ = {
			isa = XCBuildConfiguration;
			buildSettings = {
				ALWAYS_SEARCH_USER_PATHS = NO;
				CLANG_CXX_LANGUAGE_STANDARD = "gnu++0x";
				CLANG_CXX_LIBRARY = "libc++";
				CLANG_ENABLE_MODULES = YES;
				CLANG_ENABLE_OBJC_ARC = YES;
				CLANG_WARN_BOOL_CONVERSION = YES;
				CLANG_WARN_CONSTANT_CONVERSION = YES;
				CLANG_WARN_DIRECT_OBJC_ISA_USAGE = YES_ERROR;
				CLANG_WARN_EMPTY_BODY = YES;
				CLANG_WARN_ENUM_CONVERSION = YES;
				CLANG_WARN_INT_CONVERSION = YES;
				CLANG_WARN_OBJC_ROOT_CLASS = YES_ERROR;
				CLANG_WARN_UNREACHABLE_CODE = YES;
				CLANG_WARN__DUPLICATE_METHOD_MATCH = YES;
				"CODE_SIGN_IDENTITY[sdk=iphoneos*]" = "iPhone Developer";
				COPY_PHASE_STRIP = NO;
				DEBUG_INFORMATION_FORMAT = "dwarf-with-dsym";
				ENABLE_STRICT_OBJC_MSGSEND = YES;
				GCC_C_LANGUAGE_STANDARD = gnu99;
				GCC_DYNAMIC_NO_PIC = NO;
				GCC_NO_COMMON_BLOCKS = YES;
				GCC_OPTIMIZATION_LEVEL = 0;
				GCC_PREPROCESSOR_DEFINITIONS = (
					"DEBUG=1",
					"$(inherited)",
				);
				GCC_SYMBOLS_PRIVATE_EXTERN = NO;
				GCC_WARN_64_TO_32_BIT_CONVERSION = YES;
				GCC_WARN_ABOUT_RETURN_TYPE = YES_ERROR;
				GCC_WARN_UNDECLARED_SELECTOR = YES;
				GCC_WARN_UNINITIALIZED_AUTOS = YES_AGGRESSIVE;
				GCC_WARN_UNUSED_FUNCTION = YES;
				GCC_WARN_UNUSED_VARIABLE = YES;
				IPHONEOS_DEPLOYMENT_TARGET = 8.4;
				MTL_ENABLE_DEBUG_INFO = YES;
				ONLY_ACTIVE_ARCH = YES;
				SDKROOT = iphoneos;
				SWIFT_OPTIMIZATION_LEVEL = "-Onone";
			};
			name = Debug;
		};
		D855B7201B489D8400E85674 /* Release */ = {
			isa = XCBuildConfiguration;
			buildSettings = {
				ALWAYS_SEARCH_USER_PATHS = NO;
				CLANG_CXX_LANGUAGE_STANDARD = "gnu++0x";
				CLANG_CXX_LIBRARY = "libc++";
				CLANG_ENABLE_MODULES = YES;
				CLANG_ENABLE_OBJC_ARC = YES;
				CLANG_WARN_BOOL_CONVERSION = YES;
				CLANG_WARN_CONSTANT_CONVERSION = YES;
				CLANG_WARN_DIRECT_OBJC_ISA_USAGE = YES_ERROR;
				CLANG_WARN_EMPTY_BODY = YES;
				CLANG_WARN_ENUM_CONVERSION = YES;
				CLANG_WARN_INT_CONVERSION = YES;
				CLANG_WARN_OBJC_ROOT_CLASS = YES_ERROR;
				CLANG_WARN_UNREACHABLE_CODE = YES;
				CLANG_WARN__DUPLICATE_METHOD_MATCH = YES;
				"CODE_SIGN_IDENTITY[sdk=iphoneos*]" = "iPhone Developer";
				COPY_PHASE_STRIP = NO;
				DEBUG_INFORMATION_FORMAT = "dwarf-with-dsym";
				ENABLE_NS_ASSERTIONS = NO;
				ENABLE_STRICT_OBJC_MSGSEND = YES;
				GCC_C_LANGUAGE_STANDARD = gnu99;
				GCC_NO_COMMON_BLOCKS = YES;
				GCC_WARN_64_TO_32_BIT_CONVERSION = YES;
				GCC_WARN_ABOUT_RETURN_TYPE = YES_ERROR;
				GCC_WARN_UNDECLARED_SELECTOR = YES;
				GCC_WARN_UNINITIALIZED_AUTOS = YES_AGGRESSIVE;
				GCC_WARN_UNUSED_FUNCTION = YES;
				GCC_WARN_UNUSED_VARIABLE = YES;
				IPHONEOS_DEPLOYMENT_TARGET = 8.4;
				MTL_ENABLE_DEBUG_INFO = NO;
				SDKROOT = iphoneos;
				VALIDATE_PRODUCT = YES;
			};
			name = Release;
		};
		D855B7221B489D8400E85674 /* Debug */ = {
			isa = XCBuildConfiguration;
			buildSettings = {
				ASSETCATALOG_COMPILER_APPICON_NAME = AppIcon;
				FRAMEWORK_SEARCH_PATHS = (
					"$(inherited)",
					"$(PROJECT_DIR)",
				);
				INFOPLIST_FILE = Eventory/Info.plist;
				IPHONEOS_DEPLOYMENT_TARGET = 8.0;
				LD_RUNPATH_SEARCH_PATHS = "$(inherited) @executable_path/Frameworks";
				PRODUCT_NAME = "$(TARGET_NAME)";
				SWIFT_OBJC_BRIDGING_HEADER = "Eventory/Bridging-Header.h";
			};
			name = Debug;
		};
		D855B7231B489D8400E85674 /* Release */ = {
			isa = XCBuildConfiguration;
			buildSettings = {
				ASSETCATALOG_COMPILER_APPICON_NAME = AppIcon;
				FRAMEWORK_SEARCH_PATHS = (
					"$(inherited)",
					"$(PROJECT_DIR)",
				);
				INFOPLIST_FILE = Eventory/Info.plist;
				IPHONEOS_DEPLOYMENT_TARGET = 8.0;
				LD_RUNPATH_SEARCH_PATHS = "$(inherited) @executable_path/Frameworks";
				PRODUCT_NAME = "$(TARGET_NAME)";
				SWIFT_OBJC_BRIDGING_HEADER = "Eventory/Bridging-Header.h";
			};
			name = Release;
		};
		D855B7251B489D8400E85674 /* Debug */ = {
			isa = XCBuildConfiguration;
			buildSettings = {
				BUNDLE_LOADER = "$(TEST_HOST)";
				FRAMEWORK_SEARCH_PATHS = (
					"$(SDKROOT)/Developer/Library/Frameworks",
					"$(inherited)",
				);
				GCC_PREPROCESSOR_DEFINITIONS = (
					"DEBUG=1",
					"$(inherited)",
				);
				INFOPLIST_FILE = EventoryTests/Info.plist;
				LD_RUNPATH_SEARCH_PATHS = "$(inherited) @executable_path/Frameworks @loader_path/Frameworks";
				PRODUCT_NAME = "$(TARGET_NAME)";
				TEST_HOST = "$(BUILT_PRODUCTS_DIR)/Eventory.app/Eventory";
			};
			name = Debug;
		};
		D855B7261B489D8400E85674 /* Release */ = {
			isa = XCBuildConfiguration;
			buildSettings = {
				BUNDLE_LOADER = "$(TEST_HOST)";
				FRAMEWORK_SEARCH_PATHS = (
					"$(SDKROOT)/Developer/Library/Frameworks",
					"$(inherited)",
				);
				INFOPLIST_FILE = EventoryTests/Info.plist;
				LD_RUNPATH_SEARCH_PATHS = "$(inherited) @executable_path/Frameworks @loader_path/Frameworks";
				PRODUCT_NAME = "$(TARGET_NAME)";
				TEST_HOST = "$(BUILT_PRODUCTS_DIR)/Eventory.app/Eventory";
			};
			name = Release;
		};
/* End XCBuildConfiguration section */

/* Begin XCConfigurationList section */
		D855B6FD1B489D8400E85674 /* Build configuration list for PBXProject "Eventory" */ = {
			isa = XCConfigurationList;
			buildConfigurations = (
				D855B71F1B489D8400E85674 /* Debug */,
				D855B7201B489D8400E85674 /* Release */,
			);
			defaultConfigurationIsVisible = 0;
			defaultConfigurationName = Release;
		};
		D855B7211B489D8400E85674 /* Build configuration list for PBXNativeTarget "Eventory" */ = {
			isa = XCConfigurationList;
			buildConfigurations = (
				D855B7221B489D8400E85674 /* Debug */,
				D855B7231B489D8400E85674 /* Release */,
			);
			defaultConfigurationIsVisible = 0;
			defaultConfigurationName = Release;
		};
		D855B7241B489D8400E85674 /* Build configuration list for PBXNativeTarget "EventoryTests" */ = {
			isa = XCConfigurationList;
			buildConfigurations = (
				D855B7251B489D8400E85674 /* Debug */,
				D855B7261B489D8400E85674 /* Release */,
			);
			defaultConfigurationIsVisible = 0;
			defaultConfigurationName = Release;
		};
/* End XCConfigurationList section */

/* Begin XCVersionGroup section */
		D82E8FD91B4E5350007A747F /* Eventory.xcdatamodeld */ = {
			isa = XCVersionGroup;
			children = (
				D82E8FDA1B4E5350007A747F /* Eventory.xcdatamodel */,
			);
			currentVersion = D82E8FDA1B4E5350007A747F /* Eventory.xcdatamodel */;
			path = Eventory.xcdatamodeld;
			sourceTree = "<group>";
			versionGroupType = wrapper.xcdatamodel;
		};
/* End XCVersionGroup section */
	};
	rootObject = D855B6FA1B489D8400E85674 /* Project object */;
}
